
Microsoft Visual Studio Solution File, Format Version 12.00
# Visual Studio Version 16
VisualStudioVersion = 16.0.31205.134
MinimumVisualStudioVersion = 10.0.40219.1
Project("{9A19103F-16F7-4668-BE54-9A1E7A4F7556}") = "TasteRestaurantApplication", "TasteRestaurantApplication\TasteRestaurantApplication.csproj", "{1E03C87E-CB7D-4E9B-802A-25E2EEDD7F19}"
EndProject
Project("{9A19103F-16F7-4668-BE54-9A1E7A4F7556}") = "TasteRestaurateApplication.DataAccess", "TasteRestaurateApplication.DataAccess\TasteRestaurateApplication.DataAccess.csproj", "{7AF7315D-AE41-4968-99E2-1DD47C4D4657}"
EndProject
Project("{9A19103F-16F7-4668-BE54-9A1E7A4F7556}") = "TasteRestaurantApplication.Models", "TasteRestaurantApplication.Models\TasteRestaurantApplication.Models.csproj", "{55A718E5-066A-43A9-BC63-1B47DA65E800}"
EndProject
Project("{9A19103F-16F7-4668-BE54-9A1E7A4F7556}") = "TasteRestaurantApplication.Utility", "TasteRestaurantApplication.Utility\TasteRestaurantApplication.Utility.csproj", "{74B0AA92-34FA-4899-B65E-A2A2741DA227}"
EndProject
Global
	GlobalSection(SolutionConfigurationPlatforms) = preSolution
		Debug|Any CPU = Debug|Any CPU
		Release|Any CPU = Release|Any CPU
	EndGlobalSection
	GlobalSection(ProjectConfigurationPlatforms) = postSolution
		{1E03C87E-CB7D-4E9B-802A-25E2EEDD7F19}.Debug|Any CPU.ActiveCfg = Debug|Any CPU
		{1E03C87E-CB7D-4E9B-802A-25E2EEDD7F19}.Debug|Any CPU.Build.0 = Debug|Any CPU
		{1E03C87E-CB7D-4E9B-802A-25E2EEDD7F19}.Release|Any CPU.ActiveCfg = Release|Any CPU
		{1E03C87E-CB7D-4E9B-802A-25E2EEDD7F19}.Release|Any CPU.Build.0 = Release|Any CPU
		{7AF7315D-AE41-4968-99E2-1DD47C4D4657}.Debug|Any CPU.ActiveCfg = Debug|Any CPU
		{7AF7315D-AE41-4968-99E2-1DD47C4D4657}.Debug|Any CPU.Build.0 = Debug|Any CPU
		{7AF7315D-AE41-4968-99E2-1DD47C4D4657}.Release|Any CPU.ActiveCfg = Release|Any CPU
		{7AF7315D-AE41-4968-99E2-1DD47C4D4657}.Release|Any CPU.Build.0 = Release|Any CPU
		{55A718E5-066A-43A9-BC63-1B47DA65E800}.Debug|Any CPU.ActiveCfg = Debug|Any CPU
		{55A718E5-066A-43A9-BC63-1B47DA65E800}.Debug|Any CPU.Build.0 = Debug|Any CPU
		{55A718E5-066A-43A9-BC63-1B47DA65E800}.Release|Any CPU.ActiveCfg = Release|Any CPU
		{55A718E5-066A-43A9-BC63-1B47DA65E800}.Release|Any CPU.Build.0 = Release|Any CPU
		{74B0AA92-34FA-4899-B65E-A2A2741DA227}.Debug|Any CPU.ActiveCfg = Debug|Any CPU
		{74B0AA92-34FA-4899-B65E-A2A2741DA227}.Debug|Any CPU.Build.0 = Debug|Any CPU
		{74B0AA92-34FA-4899-B65E-A2A2741DA227}.Release|Any CPU.ActiveCfg = Release|Any CPU
		{74B0AA92-34FA-4899-B65E-A2A2741DA227}.Release|Any CPU.Build.0 = Release|Any CPU
	EndGlobalSection
	GlobalSection(SolutionProperties) = preSolution
		HideSolutionNode = FALSE
	EndGlobalSection
	GlobalSection(ExtensibilityGlobals) = postSolution
		SolutionGuid = {E861A4F4-233C-447C-8D4E-264D0A717B4F}
	EndGlobalSection
EndGlobal
